
Microsoft Visual Studio Solution File, Format Version 12.00
# Visual Studio Version 17
VisualStudioVersion = 17.0.31912.275
MinimumVisualStudioVersion = 10.0.40219.1
Project("{FAE04EC0-301F-11D3-BF4B-00C04F79EFBC}") = "WorkWithFiles", "WorkWithFiles\WorkWithFiles.csproj", "{43888549-43B8-4D96-9C09-59B46D4AFFBE}"
EndProject
Project("{FAE04EC0-301F-11D3-BF4B-00C04F79EFBC}") = "Task1", "Task1\Task1.csproj", "{0F19DB76-8A2C-4CA6-AEF7-39F18D94596A}"
EndProject
Project("{FAE04EC0-301F-11D3-BF4B-00C04F79EFBC}") = "Task2", "Task2\Task2.csproj", "{954875C5-B4A4-442F-B489-676CEA62D25B}"
EndProject
Project("{FAE04EC0-301F-11D3-BF4B-00C04F79EFBC}") = "Task3", "Task3\Task3.csproj", "{1B3CCA1B-CCEF-4CA7-B437-50634D9D09B8}"
EndProject
Project("{FAE04EC0-301F-11D3-BF4B-00C04F79EFBC}") = "Task4", "Task4\Task4.csproj", "{A40F532E-2676-4710-84CE-B88991916E56}"
EndProject
Global
	GlobalSection(SolutionConfigurationPlatforms) = preSolution
		Debug|Any CPU = Debug|Any CPU
		Release|Any CPU = Release|Any CPU
	EndGlobalSection
	GlobalSection(ProjectConfigurationPlatforms) = postSolution
		{43888549-43B8-4D96-9C09-59B46D4AFFBE}.Debug|Any CPU.ActiveCfg = Debug|Any CPU
		{43888549-43B8-4D96-9C09-59B46D4AFFBE}.Debug|Any CPU.Build.0 = Debug|Any CPU
		{43888549-43B8-4D96-9C09-59B46D4AFFBE}.Release|Any CPU.ActiveCfg = Release|Any CPU
		{43888549-43B8-4D96-9C09-59B46D4AFFBE}.Release|Any CPU.Build.0 = Release|Any CPU
		{0F19DB76-8A2C-4CA6-AEF7-39F18D94596A}.Debug|Any CPU.ActiveCfg = Debug|Any CPU
		{0F19DB76-8A2C-4CA6-AEF7-39F18D94596A}.Debug|Any CPU.Build.0 = Debug|Any CPU
		{0F19DB76-8A2C-4CA6-AEF7-39F18D94596A}.Release|Any CPU.ActiveCfg = Release|Any CPU
		{0F19DB76-8A2C-4CA6-AEF7-39F18D94596A}.Release|Any CPU.Build.0 = Release|Any CPU
		{954875C5-B4A4-442F-B489-676CEA62D25B}.Debug|Any CPU.ActiveCfg = Debug|Any CPU
		{954875C5-B4A4-442F-B489-676CEA62D25B}.Debug|Any CPU.Build.0 = Debug|Any CPU
		{954875C5-B4A4-442F-B489-676CEA62D25B}.Release|Any CPU.ActiveCfg = Release|Any CPU
		{954875C5-B4A4-442F-B489-676CEA62D25B}.Release|Any CPU.Build.0 = Release|Any CPU
		{1B3CCA1B-CCEF-4CA7-B437-50634D9D09B8}.Debug|Any CPU.ActiveCfg = Debug|Any CPU
		{1B3CCA1B-CCEF-4CA7-B437-50634D9D09B8}.Debug|Any CPU.Build.0 = Debug|Any CPU
		{1B3CCA1B-CCEF-4CA7-B437-50634D9D09B8}.Release|Any CPU.ActiveCfg = Release|Any CPU
		{1B3CCA1B-CCEF-4CA7-B437-50634D9D09B8}.Release|Any CPU.Build.0 = Release|Any CPU
		{A40F532E-2676-4710-84CE-B88991916E56}.Debug|Any CPU.ActiveCfg = Debug|Any CPU
		{A40F532E-2676-4710-84CE-B88991916E56}.Debug|Any CPU.Build.0 = Debug|Any CPU
		{A40F532E-2676-4710-84CE-B88991916E56}.Release|Any CPU.ActiveCfg = Release|Any CPU
		{A40F532E-2676-4710-84CE-B88991916E56}.Release|Any CPU.Build.0 = Release|Any CPU
	EndGlobalSection
	GlobalSection(SolutionProperties) = preSolution
		HideSolutionNode = FALSE
	EndGlobalSection
	GlobalSection(ExtensibilityGlobals) = postSolution
		SolutionGuid = {0839B18F-A823-413B-AF2E-3A6D3B751CFC}
	EndGlobalSection
EndGlobal
